
Microsoft Visual Studio Solution File, Format Version 11.00
# Visual Studio 2010
Project("{911E67C6-3D85-4FCE-B560-20A9C3E3FF48}") = "Compilador", "Compilador.exe", "{6787F956-E5FE-4FFE-8B19-CC4708293F9B}"
	ProjectSection(DebuggerProjectSystem) = preProject
		PortSupplier = 00000000-0000-0000-0000-000000000000
		Executable = C:\Users\luc4s\Desktop\GameMakerDesktop\Compilador\Compilador.exe
		RemoteMachine = DESKTOP-7BTTT9F
		StartingDirectory = C:\Users\luc4s\Desktop\GameMakerDesktop\Compilador
		Environment = Padrão
		LaunchingEngine = 00000000-0000-0000-0000-000000000000
		LaunchSQLEngine = No
		AttachLaunchAction = No
	EndProjectSection
EndProject
Global
	GlobalSection(SolutionConfigurationPlatforms) = preSolution
		Debug|x64 = Debug|x64
	EndGlobalSection
	GlobalSection(ProjectConfigurationPlatforms) = postSolution
		{6787F956-E5FE-4FFE-8B19-CC4708293F9B}.Debug|x64.ActiveCfg = Debug|x64
	EndGlobalSection
	GlobalSection(SolutionProperties) = preSolution
		HideSolutionNode = FALSE
	EndGlobalSection
EndGlobal
